
Microsoft Visual Studio Solution File, Format Version 12.00
# Visual Studio Version 17
VisualStudioVersion = 17.11.35327.3
MinimumVisualStudioVersion = 10.0.40219.1
Project("{FAE04EC0-301F-11D3-BF4B-00C04F79EFBC}") = "BACKSIACE", "BACKSIACE\BACKSIACE.csproj", "{A6CDD2AD-FBE0-4B37-A305-DCF9E2BE9627}"
EndProject
Global
	GlobalSection(SolutionConfigurationPlatforms) = preSolution
		Debug|Any CPU = Debug|Any CPU
		Release|Any CPU = Release|Any CPU
	EndGlobalSection
	GlobalSection(ProjectConfigurationPlatforms) = postSolution
		{A6CDD2AD-FBE0-4B37-A305-DCF9E2BE9627}.Debug|Any CPU.ActiveCfg = Debug|Any CPU
		{A6CDD2AD-FBE0-4B37-A305-DCF9E2BE9627}.Debug|Any CPU.Build.0 = Debug|Any CPU
		{A6CDD2AD-FBE0-4B37-A305-DCF9E2BE9627}.Release|Any CPU.ActiveCfg = Release|Any CPU
		{A6CDD2AD-FBE0-4B37-A305-DCF9E2BE9627}.Release|Any CPU.Build.0 = Release|Any CPU
	EndGlobalSection
	GlobalSection(SolutionProperties) = preSolution
		HideSolutionNode = FALSE
	EndGlobalSection
	GlobalSection(ExtensibilityGlobals) = postSolution
		SolutionGuid = {06FB0DF6-0FA1-4713-A260-F3F7F70715BA}
	EndGlobalSection
EndGlobal
